// !$*UTF8*$!
{
	archiveVersion = 1;
	classes = {
	};
	objectVersion = 46;
	objects = {

/* Begin PBXBuildFile section */
		1A44C4E21B8CE5C300AB1F4F /* FlightSearchVC.m in Sources */ = {isa = PBXBuildFile; fileRef = 1A44C4E01B8CE5C300AB1F4F /* FlightSearchVC.m */; };
		1A44C4E31B8CE5C300AB1F4F /* FlightSearchVC.xib in Resources */ = {isa = PBXBuildFile; fileRef = 1A44C4E11B8CE5C300AB1F4F /* FlightSearchVC.xib */; };
		1A44C4E61B8CE79E00AB1F4F /* UIColor+CustomColors.m in Sources */ = {isa = PBXBuildFile; fileRef = 1A44C4E51B8CE79E00AB1F4F /* UIColor+CustomColors.m */; };
		1A44C4EB1B8CE8B700AB1F4F /* Emirates SB.otf in Resources */ = {isa = PBXBuildFile; fileRef = 1A44C4E81B8CE8B700AB1F4F /* Emirates SB.otf */; };
		1A44C4EC1B8CE8B700AB1F4F /* Emirates SL.otf in Resources */ = {isa = PBXBuildFile; fileRef = 1A44C4E91B8CE8B700AB1F4F /* Emirates SL.otf */; };
		1A44C4ED1B8CE8B700AB1F4F /* Emirates SM.otf in Resources */ = {isa = PBXBuildFile; fileRef = 1A44C4EA1B8CE8B700AB1F4F /* Emirates SM.otf */; };
		1A4E57EA1B8F681E00050267 /* HotelList.m in Sources */ = {isa = PBXBuildFile; fileRef = 1A4E57E81B8F681E00050267 /* HotelList.m */; };
		1A4E57EB1B8F681E00050267 /* HotelList.xib in Resources */ = {isa = PBXBuildFile; fileRef = 1A4E57E91B8F681E00050267 /* HotelList.xib */; };
		1A4E57EF1B8F6EBC00050267 /* HotelCell.m in Sources */ = {isa = PBXBuildFile; fileRef = 1A4E57EE1B8F6EBC00050267 /* HotelCell.m */; };
		1A4E57F11B8F6F5000050267 /* HotelCell.xib in Resources */ = {isa = PBXBuildFile; fileRef = 1A4E57F01B8F6F5000050267 /* HotelCell.xib */; };
		1A4E57F41B8F8C3B00050267 /* NIDropDown.m in Sources */ = {isa = PBXBuildFile; fileRef = 1A4E57F31B8F8C3B00050267 /* NIDropDown.m */; };
		1A4E57F81B8F976000050267 /* CHANGELOG in Resources */ = {isa = PBXBuildFile; fileRef = 1A4E57F61B8F976000050267 /* CHANGELOG */; };
		1A4E57F91B8F976000050267 /* GoogleMaps.framework in Frameworks */ = {isa = PBXBuildFile; fileRef = 1A4E57F71B8F976000050267 /* GoogleMaps.framework */; };
		1A4E57FB1B8FA49500050267 /* GoogleMaps.bundle in Resources */ = {isa = PBXBuildFile; fileRef = 1A4E57FA1B8FA49500050267 /* GoogleMaps.bundle */; };
		1A4E57FD1B8FACBB00050267 /* QuartzCore.framework in Frameworks */ = {isa = PBXBuildFile; fileRef = 1A4E57FC1B8FACBB00050267 /* QuartzCore.framework */; };
		1A4E57FF1B8FACC500050267 /* UIKit.framework in Frameworks */ = {isa = PBXBuildFile; fileRef = 1A4E57FE1B8FACC500050267 /* UIKit.framework */; };
		1A4E58011B8FACCC00050267 /* Security.framework in Frameworks */ = {isa = PBXBuildFile; fileRef = 1A4E58001B8FACCC00050267 /* Security.framework */; };
		1A4E58031B8FACD400050267 /* OpenGLES.framework in Frameworks */ = {isa = PBXBuildFile; fileRef = 1A4E58021B8FACD400050267 /* OpenGLES.framework */; };
		1A4E58051B8FACDC00050267 /* MobileCoreServices.framework in Frameworks */ = {isa = PBXBuildFile; fileRef = 1A4E58041B8FACDC00050267 /* MobileCoreServices.framework */; };
		1A4E58071B8FACE500050267 /* CoreVideo.framework in Frameworks */ = {isa = PBXBuildFile; fileRef = 1A4E58061B8FACE500050267 /* CoreVideo.framework */; };
		1A4E58091B8FACEC00050267 /* CoreMedia.framework in Frameworks */ = {isa = PBXBuildFile; fileRef = 1A4E58081B8FACEC00050267 /* CoreMedia.framework */; };
		1A4E580B1B8FACF300050267 /* CoreGraphics.framework in Frameworks */ = {isa = PBXBuildFile; fileRef = 1A4E580A1B8FACF300050267 /* CoreGraphics.framework */; };
		1A4E580D1B8FACFC00050267 /* AudioToolbox.framework in Frameworks */ = {isa = PBXBuildFile; fileRef = 1A4E580C1B8FACFC00050267 /* AudioToolbox.framework */; };
		1A4E580F1B8FAD0200050267 /* AVFoundation.framework in Frameworks */ = {isa = PBXBuildFile; fileRef = 1A4E580E1B8FAD0200050267 /* AVFoundation.framework */; };
		1A4E58171B8FAD4100050267 /* ImageIO.framework in Frameworks */ = {isa = PBXBuildFile; fileRef = 1A4E58161B8FAD4100050267 /* ImageIO.framework */; };
		1A4E58191B8FAD4900050267 /* GLKit.framework in Frameworks */ = {isa = PBXBuildFile; fileRef = 1A4E58181B8FAD4900050267 /* GLKit.framework */; };
		1A4E581B1B8FAD4F00050267 /* CoreLocation.framework in Frameworks */ = {isa = PBXBuildFile; fileRef = 1A4E581A1B8FAD4F00050267 /* CoreLocation.framework */; };
		1A4E583A1B90560C00050267 /* DataManager.m in Sources */ = {isa = PBXBuildFile; fileRef = 1A4E58391B90560C00050267 /* DataManager.m */; };
		1A4E583D1B9056B500050267 /* HotelModel.m in Sources */ = {isa = PBXBuildFile; fileRef = 1A4E583C1B9056B500050267 /* HotelModel.m */; };
		1A4E583F1B90580300050267 /* LocalAuthentication.framework in Frameworks */ = {isa = PBXBuildFile; fileRef = 1A4E583E1B90580300050267 /* LocalAuthentication.framework */; };
		1A4E58431B90585600050267 /* CoreData.framework in Frameworks */ = {isa = PBXBuildFile; fileRef = 1A4E58421B90585600050267 /* CoreData.framework */; };
		1A4E58451B9058A400050267 /* SystemConfiguration.framework in Frameworks */ = {isa = PBXBuildFile; fileRef = 1A4E58441B9058A400050267 /* SystemConfiguration.framework */; };
		1A4E58471B9058B100050267 /* CoreMotion.framework in Frameworks */ = {isa = PBXBuildFile; fileRef = 1A4E58461B9058B100050267 /* CoreMotion.framework */; };
		1A4E58491B9058C000050267 /* CoreTelephony.framework in Frameworks */ = {isa = PBXBuildFile; fileRef = 1A4E58481B9058C000050267 /* CoreTelephony.framework */; };
		1A4E584B1B9058CB00050267 /* Social.framework in Frameworks */ = {isa = PBXBuildFile; fileRef = 1A4E584A1B9058CB00050267 /* Social.framework */; };
		1A4E584D1B9058D200050267 /* CoreText.framework in Frameworks */ = {isa = PBXBuildFile; fileRef = 1A4E584C1B9058D200050267 /* CoreText.framework */; };
		1A4E58541B9072D600050267 /* MapView.m in Sources */ = {isa = PBXBuildFile; fileRef = 1A4E58521B9072D600050267 /* MapView.m */; };
		1A4E58551B9072D600050267 /* MapView.xib in Resources */ = {isa = PBXBuildFile; fileRef = 1A4E58531B9072D600050267 /* MapView.xib */; };
		1A5FF8341B9091B100146F6B /* PackageDetailsViewController.m in Sources */ = {isa = PBXBuildFile; fileRef = 1A5FF8321B9091B100146F6B /* PackageDetailsViewController.m */; settings = {ASSET_TAGS = (); }; };
		1A5FF8351B9091B100146F6B /* PackageDetailsViewController.xib in Resources */ = {isa = PBXBuildFile; fileRef = 1A5FF8331B9091B100146F6B /* PackageDetailsViewController.xib */; settings = {ASSET_TAGS = (); }; };
		1A5FF8391B90B55300146F6B /* WebDisplay.m in Sources */ = {isa = PBXBuildFile; fileRef = 1A5FF8371B90B55300146F6B /* WebDisplay.m */; settings = {ASSET_TAGS = (); }; };
		1A5FF83A1B90B55300146F6B /* WebDisplay.xib in Resources */ = {isa = PBXBuildFile; fileRef = 1A5FF8381B90B55300146F6B /* WebDisplay.xib */; settings = {ASSET_TAGS = (); }; };
		1A6A38C21B862AF5009DF74D /* main.m in Sources */ = {isa = PBXBuildFile; fileRef = 1A6A38C11B862AF5009DF74D /* main.m */; };
		1A6A38C51B862AF5009DF74D /* AppDelegate.m in Sources */ = {isa = PBXBuildFile; fileRef = 1A6A38C41B862AF5009DF74D /* AppDelegate.m */; };
		1A6A38CD1B862AF5009DF74D /* Assets.xcassets in Resources */ = {isa = PBXBuildFile; fileRef = 1A6A38CC1B862AF5009DF74D /* Assets.xcassets */; };
		1A6A38DB1B862AF5009DF74D /* TransitPlannerTests.m in Sources */ = {isa = PBXBuildFile; fileRef = 1A6A38DA1B862AF5009DF74D /* TransitPlannerTests.m */; };
		1A6A38E61B862AF5009DF74D /* TransitPlannerUITests.m in Sources */ = {isa = PBXBuildFile; fileRef = 1A6A38E51B862AF5009DF74D /* TransitPlannerUITests.m */; };
		1A7EB4561B9084CD00B3EC73 /* libxml2.dylib in Frameworks */ = {isa = PBXBuildFile; fileRef = 1A7EB4551B9084CD00B3EC73 /* libxml2.dylib */; };
		1A7EB4581B9084D800B3EC73 /* libz.dylib in Frameworks */ = {isa = PBXBuildFile; fileRef = 1A7EB4571B9084D800B3EC73 /* libz.dylib */; };
		1A7EB45A1B9084E300B3EC73 /* libicucore.dylib in Frameworks */ = {isa = PBXBuildFile; fileRef = 1A7EB4591B9084E300B3EC73 /* libicucore.dylib */; };
		1A7EB45C1B9084F500B3EC73 /* libc++.dylib in Frameworks */ = {isa = PBXBuildFile; fileRef = 1A7EB45B1B9084F500B3EC73 /* libc++.dylib */; };
		1AADF8521B8EE89B00CDA0E3 /* Tours.plist in Resources */ = {isa = PBXBuildFile; fileRef = 1AADF8511B8EE89B00CDA0E3 /* Tours.plist */; };
		1AADF8541B8F013D00CDA0E3 /* DubaiCal.html in Resources */ = {isa = PBXBuildFile; fileRef = 1AADF8531B8F013D00CDA0E3 /* DubaiCal.html */; };
		1AADF8581B8F06AF00CDA0E3 /* PackListing.m in Sources */ = {isa = PBXBuildFile; fileRef = 1AADF8561B8F06AF00CDA0E3 /* PackListing.m */; };
		1AADF8591B8F06AF00CDA0E3 /* PackListing.xib in Resources */ = {isa = PBXBuildFile; fileRef = 1AADF8571B8F06AF00CDA0E3 /* PackListing.xib */; };
		1AADF85D1B8F20F900CDA0E3 /* AdvFlightSearch.m in Sources */ = {isa = PBXBuildFile; fileRef = 1AADF85B1B8F20F900CDA0E3 /* AdvFlightSearch.m */; };
		1AADF85E1B8F20F900CDA0E3 /* AdvFlightSearch.xib in Resources */ = {isa = PBXBuildFile; fileRef = 1AADF85C1B8F20F900CDA0E3 /* AdvFlightSearch.xib */; };
		1AADF8621B8F335500CDA0E3 /* BookingCont.m in Sources */ = {isa = PBXBuildFile; fileRef = 1AADF8601B8F335500CDA0E3 /* BookingCont.m */; };
		1AADF8631B8F335500CDA0E3 /* BookingCont.xib in Resources */ = {isa = PBXBuildFile; fileRef = 1AADF8611B8F335500CDA0E3 /* BookingCont.xib */; };
		1AE8E3351B8E292900CFC017 /* final_brochure_25sept2014_v2.pdf in Resources */ = {isa = PBXBuildFile; fileRef = 1AE8E3341B8E292900CFC017 /* final_brochure_25sept2014_v2.pdf */; };
		1AE8E3391B8E2A1900CFC017 /* PackageOverview.m in Sources */ = {isa = PBXBuildFile; fileRef = 1AE8E3371B8E2A1900CFC017 /* PackageOverview.m */; };
		1AE8E33A1B8E2A1900CFC017 /* PackageOverview.xib in Resources */ = {isa = PBXBuildFile; fileRef = 1AE8E3381B8E2A1900CFC017 /* PackageOverview.xib */; };
/* End PBXBuildFile section */

/* Begin PBXContainerItemProxy section */
		1A6A38D71B862AF5009DF74D /* PBXContainerItemProxy */ = {
			isa = PBXContainerItemProxy;
			containerPortal = 1A6A38B51B862AF5009DF74D /* Project object */;
			proxyType = 1;
			remoteGlobalIDString = 1A6A38BC1B862AF5009DF74D;
			remoteInfo = TransitPlanner;
		};
		1A6A38E21B862AF5009DF74D /* PBXContainerItemProxy */ = {
			isa = PBXContainerItemProxy;
			containerPortal = 1A6A38B51B862AF5009DF74D /* Project object */;
			proxyType = 1;
			remoteGlobalIDString = 1A6A38BC1B862AF5009DF74D;
			remoteInfo = TransitPlanner;
		};
/* End PBXContainerItemProxy section */

/* Begin PBXFileReference section */
		1A44C4DF1B8CE5C300AB1F4F /* FlightSearchVC.h */ = {isa = PBXFileReference; fileEncoding = 4; lastKnownFileType = sourcecode.c.h; path = FlightSearchVC.h; sourceTree = "<group>"; };
		1A44C4E01B8CE5C300AB1F4F /* FlightSearchVC.m */ = {isa = PBXFileReference; fileEncoding = 4; lastKnownFileType = sourcecode.c.objc; path = FlightSearchVC.m; sourceTree = "<group>"; };
		1A44C4E11B8CE5C300AB1F4F /* FlightSearchVC.xib */ = {isa = PBXFileReference; fileEncoding = 4; lastKnownFileType = file.xib; path = FlightSearchVC.xib; sourceTree = "<group>"; };
		1A44C4E41B8CE79E00AB1F4F /* UIColor+CustomColors.h */ = {isa = PBXFileReference; fileEncoding = 4; lastKnownFileType = sourcecode.c.h; path = "UIColor+CustomColors.h"; sourceTree = "<group>"; };
		1A44C4E51B8CE79E00AB1F4F /* UIColor+CustomColors.m */ = {isa = PBXFileReference; fileEncoding = 4; lastKnownFileType = sourcecode.c.objc; path = "UIColor+CustomColors.m"; sourceTree = "<group>"; };
		1A44C4E81B8CE8B700AB1F4F /* Emirates SB.otf */ = {isa = PBXFileReference; lastKnownFileType = file; path = "Emirates SB.otf"; sourceTree = "<group>"; };
		1A44C4E91B8CE8B700AB1F4F /* Emirates SL.otf */ = {isa = PBXFileReference; lastKnownFileType = file; path = "Emirates SL.otf"; sourceTree = "<group>"; };
		1A44C4EA1B8CE8B700AB1F4F /* Emirates SM.otf */ = {isa = PBXFileReference; lastKnownFileType = file; path = "Emirates SM.otf"; sourceTree = "<group>"; };
		1A4E57E71B8F681E00050267 /* HotelList.h */ = {isa = PBXFileReference; fileEncoding = 4; lastKnownFileType = sourcecode.c.h; path = HotelList.h; sourceTree = "<group>"; };
		1A4E57E81B8F681E00050267 /* HotelList.m */ = {isa = PBXFileReference; fileEncoding = 4; lastKnownFileType = sourcecode.c.objc; path = HotelList.m; sourceTree = "<group>"; };
		1A4E57E91B8F681E00050267 /* HotelList.xib */ = {isa = PBXFileReference; fileEncoding = 4; lastKnownFileType = file.xib; path = HotelList.xib; sourceTree = "<group>"; };
		1A4E57ED1B8F6EBC00050267 /* HotelCell.h */ = {isa = PBXFileReference; fileEncoding = 4; lastKnownFileType = sourcecode.c.h; path = HotelCell.h; sourceTree = "<group>"; };
		1A4E57EE1B8F6EBC00050267 /* HotelCell.m */ = {isa = PBXFileReference; fileEncoding = 4; lastKnownFileType = sourcecode.c.objc; path = HotelCell.m; sourceTree = "<group>"; };
		1A4E57F01B8F6F5000050267 /* HotelCell.xib */ = {isa = PBXFileReference; fileEncoding = 4; lastKnownFileType = file.xib; path = HotelCell.xib; sourceTree = "<group>"; };
		1A4E57F21B8F8C3B00050267 /* NIDropDown.h */ = {isa = PBXFileReference; fileEncoding = 4; lastKnownFileType = sourcecode.c.h; path = NIDropDown.h; sourceTree = "<group>"; };
		1A4E57F31B8F8C3B00050267 /* NIDropDown.m */ = {isa = PBXFileReference; fileEncoding = 4; lastKnownFileType = sourcecode.c.objc; path = NIDropDown.m; sourceTree = "<group>"; };
		1A4E57F61B8F976000050267 /* CHANGELOG */ = {isa = PBXFileReference; fileEncoding = 4; lastKnownFileType = text; path = CHANGELOG; sourceTree = "<group>"; };
		1A4E57F71B8F976000050267 /* GoogleMaps.framework */ = {isa = PBXFileReference; lastKnownFileType = wrapper.framework; path = GoogleMaps.framework; sourceTree = "<group>"; };
		1A4E57FA1B8FA49500050267 /* GoogleMaps.bundle */ = {isa = PBXFileReference; lastKnownFileType = "wrapper.plug-in"; name = GoogleMaps.bundle; path = GoogleMaps.framework/Versions/A/Resources/GoogleMaps.bundle; sourceTree = "<group>"; };
		1A4E57FC1B8FACBB00050267 /* QuartzCore.framework */ = {isa = PBXFileReference; lastKnownFileType = wrapper.framework; name = QuartzCore.framework; path = System/Library/Frameworks/QuartzCore.framework; sourceTree = SDKROOT; };
		1A4E57FE1B8FACC500050267 /* UIKit.framework */ = {isa = PBXFileReference; lastKnownFileType = wrapper.framework; name = UIKit.framework; path = System/Library/Frameworks/UIKit.framework; sourceTree = SDKROOT; };
		1A4E58001B8FACCC00050267 /* Security.framework */ = {isa = PBXFileReference; lastKnownFileType = wrapper.framework; name = Security.framework; path = System/Library/Frameworks/Security.framework; sourceTree = SDKROOT; };
		1A4E58021B8FACD400050267 /* OpenGLES.framework */ = {isa = PBXFileReference; lastKnownFileType = wrapper.framework; name = OpenGLES.framework; path = System/Library/Frameworks/OpenGLES.framework; sourceTree = SDKROOT; };
		1A4E58041B8FACDC00050267 /* MobileCoreServices.framework */ = {isa = PBXFileReference; lastKnownFileType = wrapper.framework; name = MobileCoreServices.framework; path = System/Library/Frameworks/MobileCoreServices.framework; sourceTree = SDKROOT; };
		1A4E58061B8FACE500050267 /* CoreVideo.framework */ = {isa = PBXFileReference; lastKnownFileType = wrapper.framework; name = CoreVideo.framework; path = System/Library/Frameworks/CoreVideo.framework; sourceTree = SDKROOT; };
		1A4E58081B8FACEC00050267 /* CoreMedia.framework */ = {isa = PBXFileReference; lastKnownFileType = wrapper.framework; name = CoreMedia.framework; path = System/Library/Frameworks/CoreMedia.framework; sourceTree = SDKROOT; };
		1A4E580A1B8FACF300050267 /* CoreGraphics.framework */ = {isa = PBXFileReference; lastKnownFileType = wrapper.framework; name = CoreGraphics.framework; path = System/Library/Frameworks/CoreGraphics.framework; sourceTree = SDKROOT; };
		1A4E580C1B8FACFC00050267 /* AudioToolbox.framework */ = {isa = PBXFileReference; lastKnownFileType = wrapper.framework; name = AudioToolbox.framework; path = System/Library/Frameworks/AudioToolbox.framework; sourceTree = SDKROOT; };
		1A4E580E1B8FAD0200050267 /* AVFoundation.framework */ = {isa = PBXFileReference; lastKnownFileType = wrapper.framework; name = AVFoundation.framework; path = System/Library/Frameworks/AVFoundation.framework; sourceTree = SDKROOT; };
		1A4E58101B8FAD1D00050267 /* libxml2.tbd */ = {isa = PBXFileReference; lastKnownFileType = "sourcecode.text-based-dylib-definition"; name = libxml2.tbd; path = usr/lib/libxml2.tbd; sourceTree = SDKROOT; };
		1A4E58121B8FAD2900050267 /* libz.tbd */ = {isa = PBXFileReference; lastKnownFileType = "sourcecode.text-based-dylib-definition"; name = libz.tbd; path = usr/lib/libz.tbd; sourceTree = SDKROOT; };
		1A4E58141B8FAD3600050267 /* libicucore.tbd */ = {isa = PBXFileReference; lastKnownFileType = "sourcecode.text-based-dylib-definition"; name = libicucore.tbd; path = usr/lib/libicucore.tbd; sourceTree = SDKROOT; };
		1A4E58161B8FAD4100050267 /* ImageIO.framework */ = {isa = PBXFileReference; lastKnownFileType = wrapper.framework; name = ImageIO.framework; path = System/Library/Frameworks/ImageIO.framework; sourceTree = SDKROOT; };
		1A4E58181B8FAD4900050267 /* GLKit.framework */ = {isa = PBXFileReference; lastKnownFileType = wrapper.framework; name = GLKit.framework; path = System/Library/Frameworks/GLKit.framework; sourceTree = SDKROOT; };
		1A4E581A1B8FAD4F00050267 /* CoreLocation.framework */ = {isa = PBXFileReference; lastKnownFileType = wrapper.framework; name = CoreLocation.framework; path = System/Library/Frameworks/CoreLocation.framework; sourceTree = SDKROOT; };
		1A4E58381B90560C00050267 /* DataManager.h */ = {isa = PBXFileReference; fileEncoding = 4; lastKnownFileType = sourcecode.c.h; path = DataManager.h; sourceTree = "<group>"; };
		1A4E58391B90560C00050267 /* DataManager.m */ = {isa = PBXFileReference; fileEncoding = 4; lastKnownFileType = sourcecode.c.objc; path = DataManager.m; sourceTree = "<group>"; };
		1A4E583B1B9056B500050267 /* HotelModel.h */ = {isa = PBXFileReference; fileEncoding = 4; lastKnownFileType = sourcecode.c.h; path = HotelModel.h; sourceTree = "<group>"; };
		1A4E583C1B9056B500050267 /* HotelModel.m */ = {isa = PBXFileReference; fileEncoding = 4; lastKnownFileType = sourcecode.c.objc; path = HotelModel.m; sourceTree = "<group>"; };
		1A4E583E1B90580300050267 /* LocalAuthentication.framework */ = {isa = PBXFileReference; lastKnownFileType = wrapper.framework; name = LocalAuthentication.framework; path = System/Library/Frameworks/LocalAuthentication.framework; sourceTree = SDKROOT; };
		1A4E58401B90583C00050267 /* libc++.tbd */ = {isa = PBXFileReference; lastKnownFileType = "sourcecode.text-based-dylib-definition"; name = "libc++.tbd"; path = "usr/lib/libc++.tbd"; sourceTree = SDKROOT; };
		1A4E58421B90585600050267 /* CoreData.framework */ = {isa = PBXFileReference; lastKnownFileType = wrapper.framework; name = CoreData.framework; path = System/Library/Frameworks/CoreData.framework; sourceTree = SDKROOT; };
		1A4E58441B9058A400050267 /* SystemConfiguration.framework */ = {isa = PBXFileReference; lastKnownFileType = wrapper.framework; name = SystemConfiguration.framework; path = System/Library/Frameworks/SystemConfiguration.framework; sourceTree = SDKROOT; };
		1A4E58461B9058B100050267 /* CoreMotion.framework */ = {isa = PBXFileReference; lastKnownFileType = wrapper.framework; name = CoreMotion.framework; path = System/Library/Frameworks/CoreMotion.framework; sourceTree = SDKROOT; };
		1A4E58481B9058C000050267 /* CoreTelephony.framework */ = {isa = PBXFileReference; lastKnownFileType = wrapper.framework; name = CoreTelephony.framework; path = System/Library/Frameworks/CoreTelephony.framework; sourceTree = SDKROOT; };
		1A4E584A1B9058CB00050267 /* Social.framework */ = {isa = PBXFileReference; lastKnownFileType = wrapper.framework; name = Social.framework; path = System/Library/Frameworks/Social.framework; sourceTree = SDKROOT; };
		1A4E584C1B9058D200050267 /* CoreText.framework */ = {isa = PBXFileReference; lastKnownFileType = wrapper.framework; name = CoreText.framework; path = System/Library/Frameworks/CoreText.framework; sourceTree = SDKROOT; };
		1A4E58511B9072D600050267 /* MapView.h */ = {isa = PBXFileReference; fileEncoding = 4; lastKnownFileType = sourcecode.c.h; path = MapView.h; sourceTree = "<group>"; };
		1A4E58521B9072D600050267 /* MapView.m */ = {isa = PBXFileReference; fileEncoding = 4; lastKnownFileType = sourcecode.c.objc; path = MapView.m; sourceTree = "<group>"; };
		1A4E58531B9072D600050267 /* MapView.xib */ = {isa = PBXFileReference; fileEncoding = 4; lastKnownFileType = file.xib; path = MapView.xib; sourceTree = "<group>"; };
		1A5FF8311B9091B100146F6B /* PackageDetailsViewController.h */ = {isa = PBXFileReference; fileEncoding = 4; lastKnownFileType = sourcecode.c.h; path = PackageDetailsViewController.h; sourceTree = "<group>"; };
		1A5FF8321B9091B100146F6B /* PackageDetailsViewController.m */ = {isa = PBXFileReference; fileEncoding = 4; lastKnownFileType = sourcecode.c.objc; path = PackageDetailsViewController.m; sourceTree = "<group>"; };
		1A5FF8331B9091B100146F6B /* PackageDetailsViewController.xib */ = {isa = PBXFileReference; fileEncoding = 4; lastKnownFileType = file.xib; path = PackageDetailsViewController.xib; sourceTree = "<group>"; };
		1A5FF8361B90B55300146F6B /* WebDisplay.h */ = {isa = PBXFileReference; fileEncoding = 4; lastKnownFileType = sourcecode.c.h; path = WebDisplay.h; sourceTree = "<group>"; };
		1A5FF8371B90B55300146F6B /* WebDisplay.m */ = {isa = PBXFileReference; fileEncoding = 4; lastKnownFileType = sourcecode.c.objc; path = WebDisplay.m; sourceTree = "<group>"; };
		1A5FF8381B90B55300146F6B /* WebDisplay.xib */ = {isa = PBXFileReference; fileEncoding = 4; lastKnownFileType = file.xib; path = WebDisplay.xib; sourceTree = "<group>"; };
		1A6A38BD1B862AF5009DF74D /* TransitPlanner.app */ = {isa = PBXFileReference; explicitFileType = wrapper.application; includeInIndex = 0; path = TransitPlanner.app; sourceTree = BUILT_PRODUCTS_DIR; };
		1A6A38C11B862AF5009DF74D /* main.m */ = {isa = PBXFileReference; lastKnownFileType = sourcecode.c.objc; path = main.m; sourceTree = "<group>"; };
		1A6A38C31B862AF5009DF74D /* AppDelegate.h */ = {isa = PBXFileReference; lastKnownFileType = sourcecode.c.h; path = AppDelegate.h; sourceTree = "<group>"; };
		1A6A38C41B862AF5009DF74D /* AppDelegate.m */ = {isa = PBXFileReference; lastKnownFileType = sourcecode.c.objc; path = AppDelegate.m; sourceTree = "<group>"; };
		1A6A38CC1B862AF5009DF74D /* Assets.xcassets */ = {isa = PBXFileReference; lastKnownFileType = folder.assetcatalog; path = Assets.xcassets; sourceTree = "<group>"; };
		1A6A38D11B862AF5009DF74D /* Info.plist */ = {isa = PBXFileReference; lastKnownFileType = text.plist.xml; path = Info.plist; sourceTree = "<group>"; };
		1A6A38D61B862AF5009DF74D /* TransitPlannerTests.xctest */ = {isa = PBXFileReference; explicitFileType = wrapper.cfbundle; includeInIndex = 0; path = TransitPlannerTests.xctest; sourceTree = BUILT_PRODUCTS_DIR; };
		1A6A38DA1B862AF5009DF74D /* TransitPlannerTests.m */ = {isa = PBXFileReference; lastKnownFileType = sourcecode.c.objc; path = TransitPlannerTests.m; sourceTree = "<group>"; };
		1A6A38DC1B862AF5009DF74D /* Info.plist */ = {isa = PBXFileReference; lastKnownFileType = text.plist.xml; path = Info.plist; sourceTree = "<group>"; };
		1A6A38E11B862AF5009DF74D /* TransitPlannerUITests.xctest */ = {isa = PBXFileReference; explicitFileType = wrapper.cfbundle; includeInIndex = 0; path = TransitPlannerUITests.xctest; sourceTree = BUILT_PRODUCTS_DIR; };
		1A6A38E51B862AF5009DF74D /* TransitPlannerUITests.m */ = {isa = PBXFileReference; lastKnownFileType = sourcecode.c.objc; path = TransitPlannerUITests.m; sourceTree = "<group>"; };
		1A6A38E71B862AF5009DF74D /* Info.plist */ = {isa = PBXFileReference; lastKnownFileType = text.plist.xml; path = Info.plist; sourceTree = "<group>"; };
		1A7EB4551B9084CD00B3EC73 /* libxml2.dylib */ = {isa = PBXFileReference; lastKnownFileType = "compiled.mach-o.dylib"; name = libxml2.dylib; path = usr/lib/libxml2.dylib; sourceTree = SDKROOT; };
		1A7EB4571B9084D800B3EC73 /* libz.dylib */ = {isa = PBXFileReference; lastKnownFileType = "compiled.mach-o.dylib"; name = libz.dylib; path = usr/lib/libz.dylib; sourceTree = SDKROOT; };
		1A7EB4591B9084E300B3EC73 /* libicucore.dylib */ = {isa = PBXFileReference; lastKnownFileType = "compiled.mach-o.dylib"; name = libicucore.dylib; path = usr/lib/libicucore.dylib; sourceTree = SDKROOT; };
		1A7EB45B1B9084F500B3EC73 /* libc++.dylib */ = {isa = PBXFileReference; lastKnownFileType = "compiled.mach-o.dylib"; name = "libc++.dylib"; path = "usr/lib/libc++.dylib"; sourceTree = SDKROOT; };
		1AADF8511B8EE89B00CDA0E3 /* Tours.plist */ = {isa = PBXFileReference; fileEncoding = 4; lastKnownFileType = text.plist.xml; path = Tours.plist; sourceTree = "<group>"; };
		1AADF8531B8F013D00CDA0E3 /* DubaiCal.html */ = {isa = PBXFileReference; fileEncoding = 4; lastKnownFileType = text.html; path = DubaiCal.html; sourceTree = "<group>"; };
		1AADF8551B8F06AF00CDA0E3 /* PackListing.h */ = {isa = PBXFileReference; fileEncoding = 4; lastKnownFileType = sourcecode.c.h; path = PackListing.h; sourceTree = "<group>"; };
		1AADF8561B8F06AF00CDA0E3 /* PackListing.m */ = {isa = PBXFileReference; fileEncoding = 4; lastKnownFileType = sourcecode.c.objc; path = PackListing.m; sourceTree = "<group>"; };
		1AADF8571B8F06AF00CDA0E3 /* PackListing.xib */ = {isa = PBXFileReference; fileEncoding = 4; lastKnownFileType = file.xib; path = PackListing.xib; sourceTree = "<group>"; };
		1AADF85A1B8F20F900CDA0E3 /* AdvFlightSearch.h */ = {isa = PBXFileReference; fileEncoding = 4; lastKnownFileType = sourcecode.c.h; path = AdvFlightSearch.h; sourceTree = "<group>"; };
		1AADF85B1B8F20F900CDA0E3 /* AdvFlightSearch.m */ = {isa = PBXFileReference; fileEncoding = 4; lastKnownFileType = sourcecode.c.objc; path = AdvFlightSearch.m; sourceTree = "<group>"; };
		1AADF85C1B8F20F900CDA0E3 /* AdvFlightSearch.xib */ = {isa = PBXFileReference; fileEncoding = 4; lastKnownFileType = file.xib; path = AdvFlightSearch.xib; sourceTree = "<group>"; };
		1AADF85F1B8F335500CDA0E3 /* BookingCont.h */ = {isa = PBXFileReference; fileEncoding = 4; lastKnownFileType = sourcecode.c.h; path = BookingCont.h; sourceTree = "<group>"; };
		1AADF8601B8F335500CDA0E3 /* BookingCont.m */ = {isa = PBXFileReference; fileEncoding = 4; lastKnownFileType = sourcecode.c.objc; path = BookingCont.m; sourceTree = "<group>"; };
		1AADF8611B8F335500CDA0E3 /* BookingCont.xib */ = {isa = PBXFileReference; fileEncoding = 4; lastKnownFileType = file.xib; path = BookingCont.xib; sourceTree = "<group>"; };
		1AE8E3341B8E292900CFC017 /* final_brochure_25sept2014_v2.pdf */ = {isa = PBXFileReference; lastKnownFileType = image.pdf; path = final_brochure_25sept2014_v2.pdf; sourceTree = "<group>"; };
		1AE8E3361B8E2A1900CFC017 /* PackageOverview.h */ = {isa = PBXFileReference; fileEncoding = 4; lastKnownFileType = sourcecode.c.h; path = PackageOverview.h; sourceTree = "<group>"; };
		1AE8E3371B8E2A1900CFC017 /* PackageOverview.m */ = {isa = PBXFileReference; fileEncoding = 4; lastKnownFileType = sourcecode.c.objc; path = PackageOverview.m; sourceTree = "<group>"; };
		1AE8E3381B8E2A1900CFC017 /* PackageOverview.xib */ = {isa = PBXFileReference; fileEncoding = 4; lastKnownFileType = file.xib; path = PackageOverview.xib; sourceTree = "<group>"; };
/* End PBXFileReference section */

/* Begin PBXFrameworksBuildPhase section */
		1A6A38BA1B862AF5009DF74D /* Frameworks */ = {
			isa = PBXFrameworksBuildPhase;
			buildActionMask = 2147483647;
			files = (
				1A7EB45C1B9084F500B3EC73 /* libc++.dylib in Frameworks */,
				1A7EB45A1B9084E300B3EC73 /* libicucore.dylib in Frameworks */,
				1A7EB4581B9084D800B3EC73 /* libz.dylib in Frameworks */,
				1A7EB4561B9084CD00B3EC73 /* libxml2.dylib in Frameworks */,
				1A4E584D1B9058D200050267 /* CoreText.framework in Frameworks */,
				1A4E584B1B9058CB00050267 /* Social.framework in Frameworks */,
				1A4E58491B9058C000050267 /* CoreTelephony.framework in Frameworks */,
				1A4E58471B9058B100050267 /* CoreMotion.framework in Frameworks */,
				1A4E58451B9058A400050267 /* SystemConfiguration.framework in Frameworks */,
				1A4E58431B90585600050267 /* CoreData.framework in Frameworks */,
				1A4E581B1B8FAD4F00050267 /* CoreLocation.framework in Frameworks */,
				1A4E58191B8FAD4900050267 /* GLKit.framework in Frameworks */,
				1A4E58171B8FAD4100050267 /* ImageIO.framework in Frameworks */,
				1A4E583F1B90580300050267 /* LocalAuthentication.framework in Frameworks */,
				1A4E580F1B8FAD0200050267 /* AVFoundation.framework in Frameworks */,
				1A4E580D1B8FACFC00050267 /* AudioToolbox.framework in Frameworks */,
				1A4E580B1B8FACF300050267 /* CoreGraphics.framework in Frameworks */,
				1A4E58091B8FACEC00050267 /* CoreMedia.framework in Frameworks */,
				1A4E58071B8FACE500050267 /* CoreVideo.framework in Frameworks */,
				1A4E58051B8FACDC00050267 /* MobileCoreServices.framework in Frameworks */,
				1A4E58031B8FACD400050267 /* OpenGLES.framework in Frameworks */,
				1A4E58011B8FACCC00050267 /* Security.framework in Frameworks */,
				1A4E57FF1B8FACC500050267 /* UIKit.framework in Frameworks */,
				1A4E57FD1B8FACBB00050267 /* QuartzCore.framework in Frameworks */,
				1A4E57F91B8F976000050267 /* GoogleMaps.framework in Frameworks */,
			);
			runOnlyForDeploymentPostprocessing = 0;
		};
		1A6A38D31B862AF5009DF74D /* Frameworks */ = {
			isa = PBXFrameworksBuildPhase;
			buildActionMask = 2147483647;
			files = (
			);
			runOnlyForDeploymentPostprocessing = 0;
		};
		1A6A38DE1B862AF5009DF74D /* Frameworks */ = {
			isa = PBXFrameworksBuildPhase;
			buildActionMask = 2147483647;
			files = (
			);
			runOnlyForDeploymentPostprocessing = 0;
		};
/* End PBXFrameworksBuildPhase section */

/* Begin PBXGroup section */
		1A44C4E71B8CE89F00AB1F4F /* Fonts */ = {
			isa = PBXGroup;
			children = (
				1A44C4E81B8CE8B700AB1F4F /* Emirates SB.otf */,
				1A44C4E91B8CE8B700AB1F4F /* Emirates SL.otf */,
				1A44C4EA1B8CE8B700AB1F4F /* Emirates SM.otf */,
			);
			name = Fonts;
			sourceTree = "<group>";
		};
		1A4E57EC1B8F682500050267 /* Hotels */ = {
			isa = PBXGroup;
			children = (
				1A4E57F21B8F8C3B00050267 /* NIDropDown.h */,
				1A4E57F31B8F8C3B00050267 /* NIDropDown.m */,
				1A4E57E71B8F681E00050267 /* HotelList.h */,
				1A4E57E81B8F681E00050267 /* HotelList.m */,
				1A4E57E91B8F681E00050267 /* HotelList.xib */,
				1A4E57ED1B8F6EBC00050267 /* HotelCell.h */,
				1A4E57EE1B8F6EBC00050267 /* HotelCell.m */,
				1A4E57F01B8F6F5000050267 /* HotelCell.xib */,
				1A4E58511B9072D600050267 /* MapView.h */,
				1A4E58521B9072D600050267 /* MapView.m */,
				1A4E58531B9072D600050267 /* MapView.xib */,
			);
			name = Hotels;
			sourceTree = "<group>";
		};
		1A4E57F51B8F976000050267 /* GoogleMaps-iOS-1.9.2 */ = {
			isa = PBXGroup;
			children = (
				1A4E57FA1B8FA49500050267 /* GoogleMaps.bundle */,
				1A4E57F61B8F976000050267 /* CHANGELOG */,
				1A4E57F71B8F976000050267 /* GoogleMaps.framework */,
			);
			path = "GoogleMaps-iOS-1.9.2";
			sourceTree = "<group>";
		};
		1A4E58371B9055F900050267 /* DataManager */ = {
			isa = PBXGroup;
			children = (
				1A4E58381B90560C00050267 /* DataManager.h */,
				1A4E58391B90560C00050267 /* DataManager.m */,
				1A4E583B1B9056B500050267 /* HotelModel.h */,
				1A4E583C1B9056B500050267 /* HotelModel.m */,
			);
			name = DataManager;
			sourceTree = "<group>";
		};
		1A6A38B41B862AF5009DF74D = {
			isa = PBXGroup;
			children = (
				1A7EB45B1B9084F500B3EC73 /* libc++.dylib */,
				1A7EB4591B9084E300B3EC73 /* libicucore.dylib */,
				1A7EB4571B9084D800B3EC73 /* libz.dylib */,
				1A7EB4551B9084CD00B3EC73 /* libxml2.dylib */,
				1A6A38BF1B862AF5009DF74D /* TransitPlanner */,
				1A6A38D91B862AF5009DF74D /* TransitPlannerTests */,
				1A6A38E41B862AF5009DF74D /* TransitPlannerUITests */,
				1A6A38BE1B862AF5009DF74D /* Products */,
			);
			sourceTree = "<group>";
		};
		1A6A38BE1B862AF5009DF74D /* Products */ = {
			isa = PBXGroup;
			children = (
				1A6A38BD1B862AF5009DF74D /* TransitPlanner.app */,
				1A6A38D61B862AF5009DF74D /* TransitPlannerTests.xctest */,
				1A6A38E11B862AF5009DF74D /* TransitPlannerUITests.xctest */,
			);
			name = Products;
			sourceTree = "<group>";
		};
		1A6A38BF1B862AF5009DF74D /* TransitPlanner */ = {
			isa = PBXGroup;
			children = (
				1A4E58371B9055F900050267 /* DataManager */,
				1A4E57F51B8F976000050267 /* GoogleMaps-iOS-1.9.2 */,
				1A4E57EC1B8F682500050267 /* Hotels */,
				1A44C4E71B8CE89F00AB1F4F /* Fonts */,
				1A44C4E41B8CE79E00AB1F4F /* UIColor+CustomColors.h */,
				1A44C4E51B8CE79E00AB1F4F /* UIColor+CustomColors.m */,
				1A6A38C31B862AF5009DF74D /* AppDelegate.h */,
				1A6A38C41B862AF5009DF74D /* AppDelegate.m */,
				1A6A38CC1B862AF5009DF74D /* Assets.xcassets */,
				1A6A38D11B862AF5009DF74D /* Info.plist */,
				1A6A38C01B862AF5009DF74D /* Supporting Files */,
				1A44C4DF1B8CE5C300AB1F4F /* FlightSearchVC.h */,
				1A44C4E01B8CE5C300AB1F4F /* FlightSearchVC.m */,
				1A44C4E11B8CE5C300AB1F4F /* FlightSearchVC.xib */,
				1AE8E3361B8E2A1900CFC017 /* PackageOverview.h */,
				1AE8E3371B8E2A1900CFC017 /* PackageOverview.m */,
				1AE8E3381B8E2A1900CFC017 /* PackageOverview.xib */,
				1AADF8551B8F06AF00CDA0E3 /* PackListing.h */,
				1AADF8561B8F06AF00CDA0E3 /* PackListing.m */,
				1AADF8571B8F06AF00CDA0E3 /* PackListing.xib */,
				1AADF85A1B8F20F900CDA0E3 /* AdvFlightSearch.h */,
				1AADF85B1B8F20F900CDA0E3 /* AdvFlightSearch.m */,
				1AADF85C1B8F20F900CDA0E3 /* AdvFlightSearch.xib */,
				1AADF85F1B8F335500CDA0E3 /* BookingCont.h */,
				1AADF8601B8F335500CDA0E3 /* BookingCont.m */,
				1AADF8611B8F335500CDA0E3 /* BookingCont.xib */,
				1A5FF8311B9091B100146F6B /* PackageDetailsViewController.h */,
				1A5FF8321B9091B100146F6B /* PackageDetailsViewController.m */,
				1A5FF8331B9091B100146F6B /* PackageDetailsViewController.xib */,
				1A5FF8361B90B55300146F6B /* WebDisplay.h */,
				1A5FF8371B90B55300146F6B /* WebDisplay.m */,
				1A5FF8381B90B55300146F6B /* WebDisplay.xib */,
			);
			path = TransitPlanner;
			sourceTree = "<group>";
		};
		1A6A38C01B862AF5009DF74D /* Supporting Files */ = {
			isa = PBXGroup;
			children = (
				1A4E584C1B9058D200050267 /* CoreText.framework */,
				1A4E584A1B9058CB00050267 /* Social.framework */,
				1A4E58481B9058C000050267 /* CoreTelephony.framework */,
				1A4E58461B9058B100050267 /* CoreMotion.framework */,
				1A4E58441B9058A400050267 /* SystemConfiguration.framework */,
				1A4E58421B90585600050267 /* CoreData.framework */,
				1A4E58401B90583C00050267 /* libc++.tbd */,
				1A4E583E1B90580300050267 /* LocalAuthentication.framework */,
				1A4E581A1B8FAD4F00050267 /* CoreLocation.framework */,
				1A4E58181B8FAD4900050267 /* GLKit.framework */,
				1A4E58161B8FAD4100050267 /* ImageIO.framework */,
				1A4E58141B8FAD3600050267 /* libicucore.tbd */,
				1A4E58121B8FAD2900050267 /* libz.tbd */,
				1A4E58101B8FAD1D00050267 /* libxml2.tbd */,
				1A4E580E1B8FAD0200050267 /* AVFoundation.framework */,
				1A4E580C1B8FACFC00050267 /* AudioToolbox.framework */,
				1A4E580A1B8FACF300050267 /* CoreGraphics.framework */,
				1A4E58081B8FACEC00050267 /* CoreMedia.framework */,
				1A4E58061B8FACE500050267 /* CoreVideo.framework */,
				1A4E58041B8FACDC00050267 /* MobileCoreServices.framework */,
				1A4E58021B8FACD400050267 /* OpenGLES.framework */,
				1A4E58001B8FACCC00050267 /* Security.framework */,
				1A4E57FE1B8FACC500050267 /* UIKit.framework */,
				1A4E57FC1B8FACBB00050267 /* QuartzCore.framework */,
				1AE8E3341B8E292900CFC017 /* final_brochure_25sept2014_v2.pdf */,
				1A6A38C11B862AF5009DF74D /* main.m */,
				1AADF8511B8EE89B00CDA0E3 /* Tours.plist */,
				1AADF8531B8F013D00CDA0E3 /* DubaiCal.html */,
			);
			name = "Supporting Files";
			sourceTree = "<group>";
		};
		1A6A38D91B862AF5009DF74D /* TransitPlannerTests */ = {
			isa = PBXGroup;
			children = (
				1A6A38DA1B862AF5009DF74D /* TransitPlannerTests.m */,
				1A6A38DC1B862AF5009DF74D /* Info.plist */,
			);
			path = TransitPlannerTests;
			sourceTree = "<group>";
		};
		1A6A38E41B862AF5009DF74D /* TransitPlannerUITests */ = {
			isa = PBXGroup;
			children = (
				1A6A38E51B862AF5009DF74D /* TransitPlannerUITests.m */,
				1A6A38E71B862AF5009DF74D /* Info.plist */,
			);
			path = TransitPlannerUITests;
			sourceTree = "<group>";
		};
/* End PBXGroup section */

/* Begin PBXNativeTarget section */
		1A6A38BC1B862AF5009DF74D /* TransitPlanner */ = {
			isa = PBXNativeTarget;
			buildConfigurationList = 1A6A38EA1B862AF5009DF74D /* Build configuration list for PBXNativeTarget "TransitPlanner" */;
			buildPhases = (
				1A6A38B91B862AF5009DF74D /* Sources */,
				1A6A38BA1B862AF5009DF74D /* Frameworks */,
				1A6A38BB1B862AF5009DF74D /* Resources */,
			);
			buildRules = (
			);
			dependencies = (
			);
			name = TransitPlanner;
			productName = TransitPlanner;
			productReference = 1A6A38BD1B862AF5009DF74D /* TransitPlanner.app */;
			productType = "com.apple.product-type.application";
		};
		1A6A38D51B862AF5009DF74D /* TransitPlannerTests */ = {
			isa = PBXNativeTarget;
			buildConfigurationList = 1A6A38ED1B862AF5009DF74D /* Build configuration list for PBXNativeTarget "TransitPlannerTests" */;
			buildPhases = (
				1A6A38D21B862AF5009DF74D /* Sources */,
				1A6A38D31B862AF5009DF74D /* Frameworks */,
				1A6A38D41B862AF5009DF74D /* Resources */,
			);
			buildRules = (
			);
			dependencies = (
				1A6A38D81B862AF5009DF74D /* PBXTargetDependency */,
			);
			name = TransitPlannerTests;
			productName = TransitPlannerTests;
			productReference = 1A6A38D61B862AF5009DF74D /* TransitPlannerTests.xctest */;
			productType = "com.apple.product-type.bundle.unit-test";
		};
		1A6A38E01B862AF5009DF74D /* TransitPlannerUITests */ = {
			isa = PBXNativeTarget;
			buildConfigurationList = 1A6A38F01B862AF5009DF74D /* Build configuration list for PBXNativeTarget "TransitPlannerUITests" */;
			buildPhases = (
				1A6A38DD1B862AF5009DF74D /* Sources */,
				1A6A38DE1B862AF5009DF74D /* Frameworks */,
				1A6A38DF1B862AF5009DF74D /* Resources */,
			);
			buildRules = (
			);
			dependencies = (
				1A6A38E31B862AF5009DF74D /* PBXTargetDependency */,
			);
			name = TransitPlannerUITests;
			productName = TransitPlannerUITests;
			productReference = 1A6A38E11B862AF5009DF74D /* TransitPlannerUITests.xctest */;
			productType = "com.apple.product-type.bundle.ui-testing";
		};
/* End PBXNativeTarget section */

/* Begin PBXProject section */
		1A6A38B51B862AF5009DF74D /* Project object */ = {
			isa = PBXProject;
			attributes = {
				LastUpgradeCheck = 0700;
				ORGANIZATIONNAME = Emirates;
				TargetAttributes = {
					1A6A38BC1B862AF5009DF74D = {
						CreatedOnToolsVersion = 7.0;
					};
					1A6A38D51B862AF5009DF74D = {
						CreatedOnToolsVersion = 7.0;
						TestTargetID = 1A6A38BC1B862AF5009DF74D;
					};
					1A6A38E01B862AF5009DF74D = {
						CreatedOnToolsVersion = 7.0;
						TestTargetID = 1A6A38BC1B862AF5009DF74D;
					};
				};
			};
			buildConfigurationList = 1A6A38B81B862AF5009DF74D /* Build configuration list for PBXProject "TransitPlanner" */;
			compatibilityVersion = "Xcode 3.2";
			developmentRegion = English;
			hasScannedForEncodings = 0;
			knownRegions = (
				en,
				Base,
			);
			mainGroup = 1A6A38B41B862AF5009DF74D;
			productRefGroup = 1A6A38BE1B862AF5009DF74D /* Products */;
			projectDirPath = "";
			projectRoot = "";
			targets = (
				1A6A38BC1B862AF5009DF74D /* TransitPlanner */,
				1A6A38D51B862AF5009DF74D /* TransitPlannerTests */,
				1A6A38E01B862AF5009DF74D /* TransitPlannerUITests */,
			);
		};
/* End PBXProject section */

/* Begin PBXResourcesBuildPhase section */
		1A6A38BB1B862AF5009DF74D /* Resources */ = {
			isa = PBXResourcesBuildPhase;
			buildActionMask = 2147483647;
			files = (
				1A44C4E31B8CE5C300AB1F4F /* FlightSearchVC.xib in Resources */,
				1AADF8631B8F335500CDA0E3 /* BookingCont.xib in Resources */,
				1A4E57F11B8F6F5000050267 /* HotelCell.xib in Resources */,
				1A44C4ED1B8CE8B700AB1F4F /* Emirates SM.otf in Resources */,
				1AADF8521B8EE89B00CDA0E3 /* Tours.plist in Resources */,
				1A44C4EB1B8CE8B700AB1F4F /* Emirates SB.otf in Resources */,
				1A6A38CD1B862AF5009DF74D /* Assets.xcassets in Resources */,
				1A4E57FB1B8FA49500050267 /* GoogleMaps.bundle in Resources */,
				1AE8E3351B8E292900CFC017 /* final_brochure_25sept2014_v2.pdf in Resources */,
				1A44C4EC1B8CE8B700AB1F4F /* Emirates SL.otf in Resources */,
				1AADF85E1B8F20F900CDA0E3 /* AdvFlightSearch.xib in Resources */,
				1AADF8591B8F06AF00CDA0E3 /* PackListing.xib in Resources */,
				1A5FF83A1B90B55300146F6B /* WebDisplay.xib in Resources */,
				1A4E57EB1B8F681E00050267 /* HotelList.xib in Resources */,
				1AADF8541B8F013D00CDA0E3 /* DubaiCal.html in Resources */,
				1A5FF8351B9091B100146F6B /* PackageDetailsViewController.xib in Resources */,
				1AE8E33A1B8E2A1900CFC017 /* PackageOverview.xib in Resources */,
				1A4E57F81B8F976000050267 /* CHANGELOG in Resources */,
				1A4E58551B9072D600050267 /* MapView.xib in Resources */,
			);
			runOnlyForDeploymentPostprocessing = 0;
		};
		1A6A38D41B862AF5009DF74D /* Resources */ = {
			isa = PBXResourcesBuildPhase;
			buildActionMask = 2147483647;
			files = (
			);
			runOnlyForDeploymentPostprocessing = 0;
		};
		1A6A38DF1B862AF5009DF74D /* Resources */ = {
			isa = PBXResourcesBuildPhase;
			buildActionMask = 2147483647;
			files = (
			);
			runOnlyForDeploymentPostprocessing = 0;
		};
/* End PBXResourcesBuildPhase section */

/* Begin PBXSourcesBuildPhase section */
		1A6A38B91B862AF5009DF74D /* Sources */ = {
			isa = PBXSourcesBuildPhase;
			buildActionMask = 2147483647;
			files = (
				1A44C4E21B8CE5C300AB1F4F /* FlightSearchVC.m in Sources */,
				1A4E583A1B90560C00050267 /* DataManager.m in Sources */,
				1A5FF8341B9091B100146F6B /* PackageDetailsViewController.m in Sources */,
				1AADF85D1B8F20F900CDA0E3 /* AdvFlightSearch.m in Sources */,
				1A4E57EF1B8F6EBC00050267 /* HotelCell.m in Sources */,
				1AADF8581B8F06AF00CDA0E3 /* PackListing.m in Sources */,
				1A4E583D1B9056B500050267 /* HotelModel.m in Sources */,
				1A4E57F41B8F8C3B00050267 /* NIDropDown.m in Sources */,
				1A4E57EA1B8F681E00050267 /* HotelList.m in Sources */,
				1A6A38C51B862AF5009DF74D /* AppDelegate.m in Sources */,
				1A44C4E61B8CE79E00AB1F4F /* UIColor+CustomColors.m in Sources */,
				1A5FF8391B90B55300146F6B /* WebDisplay.m in Sources */,
				1AADF8621B8F335500CDA0E3 /* BookingCont.m in Sources */,
				1A4E58541B9072D600050267 /* MapView.m in Sources */,
				1AE8E3391B8E2A1900CFC017 /* PackageOverview.m in Sources */,
				1A6A38C21B862AF5009DF74D /* main.m in Sources */,
			);
			runOnlyForDeploymentPostprocessing = 0;
		};
		1A6A38D21B862AF5009DF74D /* Sources */ = {
			isa = PBXSourcesBuildPhase;
			buildActionMask = 2147483647;
			files = (
				1A6A38DB1B862AF5009DF74D /* TransitPlannerTests.m in Sources */,
			);
			runOnlyForDeploymentPostprocessing = 0;
		};
		1A6A38DD1B862AF5009DF74D /* Sources */ = {
			isa = PBXSourcesBuildPhase;
			buildActionMask = 2147483647;
			files = (
				1A6A38E61B862AF5009DF74D /* TransitPlannerUITests.m in Sources */,
			);
			runOnlyForDeploymentPostprocessing = 0;
		};
/* End PBXSourcesBuildPhase section */

/* Begin PBXTargetDependency section */
		1A6A38D81B862AF5009DF74D /* PBXTargetDependency */ = {
			isa = PBXTargetDependency;
			target = 1A6A38BC1B862AF5009DF74D /* TransitPlanner */;
			targetProxy = 1A6A38D71B862AF5009DF74D /* PBXContainerItemProxy */;
		};
		1A6A38E31B862AF5009DF74D /* PBXTargetDependency */ = {
			isa = PBXTargetDependency;
			target = 1A6A38BC1B862AF5009DF74D /* TransitPlanner */;
			targetProxy = 1A6A38E21B862AF5009DF74D /* PBXContainerItemProxy */;
		};
/* End PBXTargetDependency section */

/* Begin XCBuildConfiguration section */
		1A6A38E81B862AF5009DF74D /* Debug */ = {
			isa = XCBuildConfiguration;
			buildSettings = {
				ALWAYS_SEARCH_USER_PATHS = NO;
				CLANG_CXX_LANGUAGE_STANDARD = "gnu++0x";
				CLANG_CXX_LIBRARY = "libc++";
				CLANG_ENABLE_MODULES = YES;
				CLANG_ENABLE_OBJC_ARC = YES;
				CLANG_WARN_BOOL_CONVERSION = YES;
				CLANG_WARN_CONSTANT_CONVERSION = YES;
				CLANG_WARN_DIRECT_OBJC_ISA_USAGE = YES_ERROR;
				CLANG_WARN_EMPTY_BODY = YES;
				CLANG_WARN_ENUM_CONVERSION = YES;
				CLANG_WARN_INT_CONVERSION = YES;
				CLANG_WARN_OBJC_ROOT_CLASS = YES_ERROR;
				CLANG_WARN_UNREACHABLE_CODE = YES;
				CLANG_WARN__DUPLICATE_METHOD_MATCH = YES;
				"CODE_SIGN_IDENTITY[sdk=iphoneos*]" = "iPhone Developer";
				COPY_PHASE_STRIP = NO;
				DEBUG_INFORMATION_FORMAT = dwarf;
				ENABLE_STRICT_OBJC_MSGSEND = YES;
				ENABLE_TESTABILITY = YES;
				GCC_C_LANGUAGE_STANDARD = gnu99;
				GCC_DYNAMIC_NO_PIC = NO;
				GCC_NO_COMMON_BLOCKS = YES;
				GCC_OPTIMIZATION_LEVEL = 0;
				GCC_PREPROCESSOR_DEFINITIONS = (
					"DEBUG=1",
					"$(inherited)",
				);
				GCC_WARN_64_TO_32_BIT_CONVERSION = YES;
				GCC_WARN_ABOUT_RETURN_TYPE = YES_ERROR;
				GCC_WARN_UNDECLARED_SELECTOR = YES;
				GCC_WARN_UNINITIALIZED_AUTOS = YES_AGGRESSIVE;
				GCC_WARN_UNUSED_FUNCTION = YES;
				GCC_WARN_UNUSED_VARIABLE = YES;
				IPHONEOS_DEPLOYMENT_TARGET = 9.0;
				MTL_ENABLE_DEBUG_INFO = YES;
				ONLY_ACTIVE_ARCH = YES;
				SDKROOT = iphoneos;
			};
			name = Debug;
		};
		1A6A38E91B862AF5009DF74D /* Release */ = {
			isa = XCBuildConfiguration;
			buildSettings = {
				ALWAYS_SEARCH_USER_PATHS = NO;
				CLANG_CXX_LANGUAGE_STANDARD = "gnu++0x";
				CLANG_CXX_LIBRARY = "libc++";
				CLANG_ENABLE_MODULES = YES;
				CLANG_ENABLE_OBJC_ARC = YES;
				CLANG_WARN_BOOL_CONVERSION = YES;
				CLANG_WARN_CONSTANT_CONVERSION = YES;
				CLANG_WARN_DIRECT_OBJC_ISA_USAGE = YES_ERROR;
				CLANG_WARN_EMPTY_BODY = YES;
				CLANG_WARN_ENUM_CONVERSION = YES;
				CLANG_WARN_INT_CONVERSION = YES;
				CLANG_WARN_OBJC_ROOT_CLASS = YES_ERROR;
				CLANG_WARN_UNREACHABLE_CODE = YES;
				CLANG_WARN__DUPLICATE_METHOD_MATCH = YES;
				"CODE_SIGN_IDENTITY[sdk=iphoneos*]" = "iPhone Developer";
				COPY_PHASE_STRIP = NO;
				DEBUG_INFORMATION_FORMAT = "dwarf-with-dsym";
				ENABLE_NS_ASSERTIONS = NO;
				ENABLE_STRICT_OBJC_MSGSEND = YES;
				GCC_C_LANGUAGE_STANDARD = gnu99;
				GCC_NO_COMMON_BLOCKS = YES;
				GCC_WARN_64_TO_32_BIT_CONVERSION = YES;
				GCC_WARN_ABOUT_RETURN_TYPE = YES_ERROR;
				GCC_WARN_UNDECLARED_SELECTOR = YES;
				GCC_WARN_UNINITIALIZED_AUTOS = YES_AGGRESSIVE;
				GCC_WARN_UNUSED_FUNCTION = YES;
				GCC_WARN_UNUSED_VARIABLE = YES;
				IPHONEOS_DEPLOYMENT_TARGET = 9.0;
				MTL_ENABLE_DEBUG_INFO = NO;
				SDKROOT = iphoneos;
				VALIDATE_PRODUCT = YES;
			};
			name = Release;
		};
		1A6A38EB1B862AF5009DF74D /* Debug */ = {
			isa = XCBuildConfiguration;
			buildSettings = {
				ASSETCATALOG_COMPILER_APPICON_NAME = AppIcon;
				FRAMEWORK_SEARCH_PATHS = (
					"$(inherited)",
					"$(PROJECT_DIR)/TransitPlanner/GoogleMaps-iOS-1.9.2",
				);
				INFOPLIST_FILE = TransitPlanner/Info.plist;
				IPHONEOS_DEPLOYMENT_TARGET = 8.0;
				LD_RUNPATH_SEARCH_PATHS = "$(inherited) @executable_path/Frameworks";
				OTHER_LDFLAGS = "-ObjC";
				PRODUCT_BUNDLE_IDENTIFIER = com.emirates.hackathon.TransitPlanner;
				PRODUCT_NAME = "$(TARGET_NAME)";
				TARGETED_DEVICE_FAMILY = 1;
			};
			name = Debug;
		};
		1A6A38EC1B862AF5009DF74D /* Release */ = {
			isa = XCBuildConfiguration;
			buildSettings = {
				ASSETCATALOG_COMPILER_APPICON_NAME = AppIcon;
				FRAMEWORK_SEARCH_PATHS = (
					"$(inherited)",
					"$(PROJECT_DIR)/TransitPlanner/GoogleMaps-iOS-1.9.2",
				);
				INFOPLIST_FILE = TransitPlanner/Info.plist;
				IPHONEOS_DEPLOYMENT_TARGET = 8.0;
				LD_RUNPATH_SEARCH_PATHS = "$(inherited) @executable_path/Frameworks";
				OTHER_LDFLAGS = "-ObjC";
				PRODUCT_BUNDLE_IDENTIFIER = com.emirates.hackathon.TransitPlanner;
				PRODUCT_NAME = "$(TARGET_NAME)";
				TARGETED_DEVICE_FAMILY = 1;
			};
			name = Release;
		};
		1A6A38EE1B862AF5009DF74D /* Debug */ = {
			isa = XCBuildConfiguration;
			buildSettings = {
				BUNDLE_LOADER = "$(TEST_HOST)";
				INFOPLIST_FILE = TransitPlannerTests/Info.plist;
				LD_RUNPATH_SEARCH_PATHS = "$(inherited) @executable_path/Frameworks @loader_path/Frameworks";
				PRODUCT_BUNDLE_IDENTIFIER = com.emirates.hackathon.TransitPlannerTests;
				PRODUCT_NAME = "$(TARGET_NAME)";
				TEST_HOST = "$(BUILT_PRODUCTS_DIR)/TransitPlanner.app/TransitPlanner";
			};
			name = Debug;
		};
		1A6A38EF1B862AF5009DF74D /* Release */ = {
			isa = XCBuildConfiguration;
			buildSettings = {
				BUNDLE_LOADER = "$(TEST_HOST)";
				INFOPLIST_FILE = TransitPlannerTests/Info.plist;
				LD_RUNPATH_SEARCH_PATHS = "$(inherited) @executable_path/Frameworks @loader_path/Frameworks";
				PRODUCT_BUNDLE_IDENTIFIER = com.emirates.hackathon.TransitPlannerTests;
				PRODUCT_NAME = "$(TARGET_NAME)";
				TEST_HOST = "$(BUILT_PRODUCTS_DIR)/TransitPlanner.app/TransitPlanner";
			};
			name = Release;
		};
		1A6A38F11B862AF5009DF74D /* Debug */ = {
			isa = XCBuildConfiguration;
			buildSettings = {
				INFOPLIST_FILE = TransitPlannerUITests/Info.plist;
				LD_RUNPATH_SEARCH_PATHS = "$(inherited) @executable_path/Frameworks @loader_path/Frameworks";
				PRODUCT_BUNDLE_IDENTIFIER = com.emirates.hackathon.TransitPlannerUITests;
				PRODUCT_NAME = "$(TARGET_NAME)";
				TEST_TARGET_NAME = TransitPlanner;
				USES_XCTRUNNER = YES;
			};
			name = Debug;
		};
		1A6A38F21B862AF5009DF74D /* Release */ = {
			isa = XCBuildConfiguration;
			buildSettings = {
				INFOPLIST_FILE = TransitPlannerUITests/Info.plist;
				LD_RUNPATH_SEARCH_PATHS = "$(inherited) @executable_path/Frameworks @loader_path/Frameworks";
				PRODUCT_BUNDLE_IDENTIFIER = com.emirates.hackathon.TransitPlannerUITests;
				PRODUCT_NAME = "$(TARGET_NAME)";
				TEST_TARGET_NAME = TransitPlanner;
				USES_XCTRUNNER = YES;
			};
			name = Release;
		};
/* End XCBuildConfiguration section */

/* Begin XCConfigurationList section */
		1A6A38B81B862AF5009DF74D /* Build configuration list for PBXProject "TransitPlanner" */ = {
			isa = XCConfigurationList;
			buildConfigurations = (
				1A6A38E81B862AF5009DF74D /* Debug */,
				1A6A38E91B862AF5009DF74D /* Release */,
			);
			defaultConfigurationIsVisible = 0;
			defaultConfigurationName = Release;
		};
		1A6A38EA1B862AF5009DF74D /* Build configuration list for PBXNativeTarget "TransitPlanner" */ = {
			isa = XCConfigurationList;
			buildConfigurations = (
				1A6A38EB1B862AF5009DF74D /* Debug */,
				1A6A38EC1B862AF5009DF74D /* Release */,
			);
			defaultConfigurationIsVisible = 0;
			defaultConfigurationName = Release;
		};
		1A6A38ED1B862AF5009DF74D /* Build configuration list for PBXNativeTarget "TransitPlannerTests" */ = {
			isa = XCConfigurationList;
			buildConfigurations = (
				1A6A38EE1B862AF5009DF74D /* Debug */,
				1A6A38EF1B862AF5009DF74D /* Release */,
			);
			defaultConfigurationIsVisible = 0;
			defaultConfigurationName = Release;
		};
		1A6A38F01B862AF5009DF74D /* Build configuration list for PBXNativeTarget "TransitPlannerUITests" */ = {
			isa = XCConfigurationList;
			buildConfigurations = (
				1A6A38F11B862AF5009DF74D /* Debug */,
				1A6A38F21B862AF5009DF74D /* Release */,
			);
			defaultConfigurationIsVisible = 0;
			defaultConfigurationName = Release;
		};
/* End XCConfigurationList section */
	};
	rootObject = 1A6A38B51B862AF5009DF74D /* Project object */;
}
