// !$*UTF8*$!
{
	archiveVersion = 1;
	classes = {
	};
	objectVersion = 46;
	objects = {

/* Begin PBXBuildFile section */
		1A44C4E21B8CE5C300AB1F4F /* FlightSearchVC.m in Sources */ = {isa = PBXBuildFile; fileRef = 1A44C4E01B8CE5C300AB1F4F /* FlightSearchVC.m */; };
		1A44C4E31B8CE5C300AB1F4F /* FlightSearchVC.xib in Resources */ = {isa = PBXBuildFile; fileRef = 1A44C4E11B8CE5C300AB1F4F /* FlightSearchVC.xib */; };
		1A44C4E61B8CE79E00AB1F4F /* UIColor+CustomColors.m in Sources */ = {isa = PBXBuildFile; fileRef = 1A44C4E51B8CE79E00AB1F4F /* UIColor+CustomColors.m */; };
		1A44C4EB1B8CE8B700AB1F4F /* Emirates SB.otf in Resources */ = {isa = PBXBuildFile; fileRef = 1A44C4E81B8CE8B700AB1F4F /* Emirates SB.otf */; };
		1A44C4EC1B8CE8B700AB1F4F /* Emirates SL.otf in Resources */ = {isa = PBXBuildFile; fileRef = 1A44C4E91B8CE8B700AB1F4F /* Emirates SL.otf */; };
		1A44C4ED1B8CE8B700AB1F4F /* Emirates SM.otf in Resources */ = {isa = PBXBuildFile; fileRef = 1A44C4EA1B8CE8B700AB1F4F /* Emirates SM.otf */; };
		1A6A38C21B862AF5009DF74D /* main.m in Sources */ = {isa = PBXBuildFile; fileRef = 1A6A38C11B862AF5009DF74D /* main.m */; };
		1A6A38C51B862AF5009DF74D /* AppDelegate.m in Sources */ = {isa = PBXBuildFile; fileRef = 1A6A38C41B862AF5009DF74D /* AppDelegate.m */; };
		1A6A38CD1B862AF5009DF74D /* Assets.xcassets in Resources */ = {isa = PBXBuildFile; fileRef = 1A6A38CC1B862AF5009DF74D /* Assets.xcassets */; };
		1A6A38DB1B862AF5009DF74D /* TransitPlannerTests.m in Sources */ = {isa = PBXBuildFile; fileRef = 1A6A38DA1B862AF5009DF74D /* TransitPlannerTests.m */; };
		1A6A38E61B862AF5009DF74D /* TransitPlannerUITests.m in Sources */ = {isa = PBXBuildFile; fileRef = 1A6A38E51B862AF5009DF74D /* TransitPlannerUITests.m */; };
/* End PBXBuildFile section */

/* Begin PBXContainerItemProxy section */
		1A6A38D71B862AF5009DF74D /* PBXContainerItemProxy */ = {
			isa = PBXContainerItemProxy;
			containerPortal = 1A6A38B51B862AF5009DF74D /* Project object */;
			proxyType = 1;
			remoteGlobalIDString = 1A6A38BC1B862AF5009DF74D;
			remoteInfo = TransitPlanner;
		};
		1A6A38E21B862AF5009DF74D /* PBXContainerItemProxy */ = {
			isa = PBXContainerItemProxy;
			containerPortal = 1A6A38B51B862AF5009DF74D /* Project object */;
			proxyType = 1;
			remoteGlobalIDString = 1A6A38BC1B862AF5009DF74D;
			remoteInfo = TransitPlanner;
		};
/* End PBXContainerItemProxy section */

/* Begin PBXFileReference section */
		1A44C4DF1B8CE5C300AB1F4F /* FlightSearchVC.h */ = {isa = PBXFileReference; fileEncoding = 4; lastKnownFileType = sourcecode.c.h; path = FlightSearchVC.h; sourceTree = "<group>"; };
		1A44C4E01B8CE5C300AB1F4F /* FlightSearchVC.m */ = {isa = PBXFileReference; fileEncoding = 4; lastKnownFileType = sourcecode.c.objc; path = FlightSearchVC.m; sourceTree = "<group>"; };
		1A44C4E11B8CE5C300AB1F4F /* FlightSearchVC.xib */ = {isa = PBXFileReference; fileEncoding = 4; lastKnownFileType = file.xib; path = FlightSearchVC.xib; sourceTree = "<group>"; };
		1A44C4E41B8CE79E00AB1F4F /* UIColor+CustomColors.h */ = {isa = PBXFileReference; fileEncoding = 4; lastKnownFileType = sourcecode.c.h; path = "UIColor+CustomColors.h"; sourceTree = "<group>"; };
		1A44C4E51B8CE79E00AB1F4F /* UIColor+CustomColors.m */ = {isa = PBXFileReference; fileEncoding = 4; lastKnownFileType = sourcecode.c.objc; path = "UIColor+CustomColors.m"; sourceTree = "<group>"; };
		1A44C4E81B8CE8B700AB1F4F /* Emirates SB.otf */ = {isa = PBXFileReference; lastKnownFileType = file; path = "Emirates SB.otf"; sourceTree = "<group>"; };
		1A44C4E91B8CE8B700AB1F4F /* Emirates SL.otf */ = {isa = PBXFileReference; lastKnownFileType = file; path = "Emirates SL.otf"; sourceTree = "<group>"; };
		1A44C4EA1B8CE8B700AB1F4F /* Emirates SM.otf */ = {isa = PBXFileReference; lastKnownFileType = file; path = "Emirates SM.otf"; sourceTree = "<group>"; };
		1A6A38BD1B862AF5009DF74D /* TransitPlanner.app */ = {isa = PBXFileReference; explicitFileType = wrapper.application; includeInIndex = 0; path = TransitPlanner.app; sourceTree = BUILT_PRODUCTS_DIR; };
		1A6A38C11B862AF5009DF74D /* main.m */ = {isa = PBXFileReference; lastKnownFileType = sourcecode.c.objc; path = main.m; sourceTree = "<group>"; };
		1A6A38C31B862AF5009DF74D /* AppDelegate.h */ = {isa = PBXFileReference; lastKnownFileType = sourcecode.c.h; path = AppDelegate.h; sourceTree = "<group>"; };
		1A6A38C41B862AF5009DF74D /* AppDelegate.m */ = {isa = PBXFileReference; lastKnownFileType = sourcecode.c.objc; path = AppDelegate.m; sourceTree = "<group>"; };
		1A6A38CC1B862AF5009DF74D /* Assets.xcassets */ = {isa = PBXFileReference; lastKnownFileType = folder.assetcatalog; path = Assets.xcassets; sourceTree = "<group>"; };
		1A6A38D11B862AF5009DF74D /* Info.plist */ = {isa = PBXFileReference; lastKnownFileType = text.plist.xml; path = Info.plist; sourceTree = "<group>"; };
		1A6A38D61B862AF5009DF74D /* TransitPlannerTests.xctest */ = {isa = PBXFileReference; explicitFileType = wrapper.cfbundle; includeInIndex = 0; path = TransitPlannerTests.xctest; sourceTree = BUILT_PRODUCTS_DIR; };
		1A6A38DA1B862AF5009DF74D /* TransitPlannerTests.m */ = {isa = PBXFileReference; lastKnownFileType = sourcecode.c.objc; path = TransitPlannerTests.m; sourceTree = "<group>"; };
		1A6A38DC1B862AF5009DF74D /* Info.plist */ = {isa = PBXFileReference; lastKnownFileType = text.plist.xml; path = Info.plist; sourceTree = "<group>"; };
		1A6A38E11B862AF5009DF74D /* TransitPlannerUITests.xctest */ = {isa = PBXFileReference; explicitFileType = wrapper.cfbundle; includeInIndex = 0; path = TransitPlannerUITests.xctest; sourceTree = BUILT_PRODUCTS_DIR; };
		1A6A38E51B862AF5009DF74D /* TransitPlannerUITests.m */ = {isa = PBXFileReference; lastKnownFileType = sourcecode.c.objc; path = TransitPlannerUITests.m; sourceTree = "<group>"; };
		1A6A38E71B862AF5009DF74D /* Info.plist */ = {isa = PBXFileReference; lastKnownFileType = text.plist.xml; path = Info.plist; sourceTree = "<group>"; };
/* End PBXFileReference section */

/* Begin PBXFrameworksBuildPhase section */
		1A6A38BA1B862AF5009DF74D /* Frameworks */ = {
			isa = PBXFrameworksBuildPhase;
			buildActionMask = 2147483647;
			files = (
			);
			runOnlyForDeploymentPostprocessing = 0;
		};
		1A6A38D31B862AF5009DF74D /* Frameworks */ = {
			isa = PBXFrameworksBuildPhase;
			buildActionMask = 2147483647;
			files = (
			);
			runOnlyForDeploymentPostprocessing = 0;
		};
		1A6A38DE1B862AF5009DF74D /* Frameworks */ = {
			isa = PBXFrameworksBuildPhase;
			buildActionMask = 2147483647;
			files = (
			);
			runOnlyForDeploymentPostprocessing = 0;
		};
/* End PBXFrameworksBuildPhase section */

/* Begin PBXGroup section */
		1A44C4E71B8CE89F00AB1F4F /* Fonts */ = {
			isa = PBXGroup;
			children = (
				1A44C4E81B8CE8B700AB1F4F /* Emirates SB.otf */,
				1A44C4E91B8CE8B700AB1F4F /* Emirates SL.otf */,
				1A44C4EA1B8CE8B700AB1F4F /* Emirates SM.otf */,
			);
			name = Fonts;
			sourceTree = "<group>";
		};
		1A6A38B41B862AF5009DF74D = {
			isa = PBXGroup;
			children = (
				1A6A38BF1B862AF5009DF74D /* TransitPlanner */,
				1A6A38D91B862AF5009DF74D /* TransitPlannerTests */,
				1A6A38E41B862AF5009DF74D /* TransitPlannerUITests */,
				1A6A38BE1B862AF5009DF74D /* Products */,
			);
			sourceTree = "<group>";
		};
		1A6A38BE1B862AF5009DF74D /* Products */ = {
			isa = PBXGroup;
			children = (
				1A6A38BD1B862AF5009DF74D /* TransitPlanner.app */,
				1A6A38D61B862AF5009DF74D /* TransitPlannerTests.xctest */,
				1A6A38E11B862AF5009DF74D /* TransitPlannerUITests.xctest */,
			);
			name = Products;
			sourceTree = "<group>";
		};
		1A6A38BF1B862AF5009DF74D /* TransitPlanner */ = {
			isa = PBXGroup;
			children = (
				1A44C4E71B8CE89F00AB1F4F /* Fonts */,
				1A44C4E41B8CE79E00AB1F4F /* UIColor+CustomColors.h */,
				1A44C4E51B8CE79E00AB1F4F /* UIColor+CustomColors.m */,
				1A6A38C31B862AF5009DF74D /* AppDelegate.h */,
				1A6A38C41B862AF5009DF74D /* AppDelegate.m */,
				1A6A38CC1B862AF5009DF74D /* Assets.xcassets */,
				1A6A38D11B862AF5009DF74D /* Info.plist */,
				1A6A38C01B862AF5009DF74D /* Supporting Files */,
				1A44C4DF1B8CE5C300AB1F4F /* FlightSearchVC.h */,
				1A44C4E01B8CE5C300AB1F4F /* FlightSearchVC.m */,
				1A44C4E11B8CE5C300AB1F4F /* FlightSearchVC.xib */,
			);
			path = TransitPlanner;
			sourceTree = "<group>";
		};
		1A6A38C01B862AF5009DF74D /* Supporting Files */ = {
			isa = PBXGroup;
			children = (
				1A6A38C11B862AF5009DF74D /* main.m */,
			);
			name = "Supporting Files";
			sourceTree = "<group>";
		};
		1A6A38D91B862AF5009DF74D /* TransitPlannerTests */ = {
			isa = PBXGroup;
			children = (
				1A6A38DA1B862AF5009DF74D /* TransitPlannerTests.m */,
				1A6A38DC1B862AF5009DF74D /* Info.plist */,
			);
			path = TransitPlannerTests;
			sourceTree = "<group>";
		};
		1A6A38E41B862AF5009DF74D /* TransitPlannerUITests */ = {
			isa = PBXGroup;
			children = (
				1A6A38E51B862AF5009DF74D /* TransitPlannerUITests.m */,
				1A6A38E71B862AF5009DF74D /* Info.plist */,
			);
			path = TransitPlannerUITests;
			sourceTree = "<group>";
		};
/* End PBXGroup section */

/* Begin PBXNativeTarget section */
		1A6A38BC1B862AF5009DF74D /* TransitPlanner */ = {
			isa = PBXNativeTarget;
			buildConfigurationList = 1A6A38EA1B862AF5009DF74D /* Build configuration list for PBXNativeTarget "TransitPlanner" */;
			buildPhases = (
				1A6A38B91B862AF5009DF74D /* Sources */,
				1A6A38BA1B862AF5009DF74D /* Frameworks */,
				1A6A38BB1B862AF5009DF74D /* Resources */,
			);
			buildRules = (
			);
			dependencies = (
			);
			name = TransitPlanner;
			productName = TransitPlanner;
			productReference = 1A6A38BD1B862AF5009DF74D /* TransitPlanner.app */;
			productType = "com.apple.product-type.application";
		};
		1A6A38D51B862AF5009DF74D /* TransitPlannerTests */ = {
			isa = PBXNativeTarget;
			buildConfigurationList = 1A6A38ED1B862AF5009DF74D /* Build configuration list for PBXNativeTarget "TransitPlannerTests" */;
			buildPhases = (
				1A6A38D21B862AF5009DF74D /* Sources */,
				1A6A38D31B862AF5009DF74D /* Frameworks */,
				1A6A38D41B862AF5009DF74D /* Resources */,
			);
			buildRules = (
			);
			dependencies = (
				1A6A38D81B862AF5009DF74D /* PBXTargetDependency */,
			);
			name = TransitPlannerTests;
			productName = TransitPlannerTests;
			productReference = 1A6A38D61B862AF5009DF74D /* TransitPlannerTests.xctest */;
			productType = "com.apple.product-type.bundle.unit-test";
		};
		1A6A38E01B862AF5009DF74D /* TransitPlannerUITests */ = {
			isa = PBXNativeTarget;
			buildConfigurationList = 1A6A38F01B862AF5009DF74D /* Build configuration list for PBXNativeTarget "TransitPlannerUITests" */;
			buildPhases = (
				1A6A38DD1B862AF5009DF74D /* Sources */,
				1A6A38DE1B862AF5009DF74D /* Frameworks */,
				1A6A38DF1B862AF5009DF74D /* Resources */,
			);
			buildRules = (
			);
			dependencies = (
				1A6A38E31B862AF5009DF74D /* PBXTargetDependency */,
			);
			name = TransitPlannerUITests;
			productName = TransitPlannerUITests;
			productReference = 1A6A38E11B862AF5009DF74D /* TransitPlannerUITests.xctest */;
			productType = "com.apple.product-type.bundle.ui-testing";
		};
/* End PBXNativeTarget section */

/* Begin PBXProject section */
		1A6A38B51B862AF5009DF74D /* Project object */ = {
			isa = PBXProject;
			attributes = {
				LastUpgradeCheck = 0700;
				ORGANIZATIONNAME = Emirates;
				TargetAttributes = {
					1A6A38BC1B862AF5009DF74D = {
						CreatedOnToolsVersion = 7.0;
					};
					1A6A38D51B862AF5009DF74D = {
						CreatedOnToolsVersion = 7.0;
						TestTargetID = 1A6A38BC1B862AF5009DF74D;
					};
					1A6A38E01B862AF5009DF74D = {
						CreatedOnToolsVersion = 7.0;
						TestTargetID = 1A6A38BC1B862AF5009DF74D;
					};
				};
			};
			buildConfigurationList = 1A6A38B81B862AF5009DF74D /* Build configuration list for PBXProject "TransitPlanner" */;
			compatibilityVersion = "Xcode 3.2";
			developmentRegion = English;
			hasScannedForEncodings = 0;
			knownRegions = (
				en,
				Base,
			);
			mainGroup = 1A6A38B41B862AF5009DF74D;
			productRefGroup = 1A6A38BE1B862AF5009DF74D /* Products */;
			projectDirPath = "";
			projectRoot = "";
			targets = (
				1A6A38BC1B862AF5009DF74D /* TransitPlanner */,
				1A6A38D51B862AF5009DF74D /* TransitPlannerTests */,
				1A6A38E01B862AF5009DF74D /* TransitPlannerUITests */,
			);
		};
/* End PBXProject section */

/* Begin PBXResourcesBuildPhase section */
		1A6A38BB1B862AF5009DF74D /* Resources */ = {
			isa = PBXResourcesBuildPhase;
			buildActionMask = 2147483647;
			files = (
				1A44C4E31B8CE5C300AB1F4F /* FlightSearchVC.xib in Resources */,
				1A44C4ED1B8CE8B700AB1F4F /* Emirates SM.otf in Resources */,
				1A44C4EB1B8CE8B700AB1F4F /* Emirates SB.otf in Resources */,
				1A6A38CD1B862AF5009DF74D /* Assets.xcassets in Resources */,
				1A44C4EC1B8CE8B700AB1F4F /* Emirates SL.otf in Resources */,
			);
			runOnlyForDeploymentPostprocessing = 0;
		};
		1A6A38D41B862AF5009DF74D /* Resources */ = {
			isa = PBXResourcesBuildPhase;
			buildActionMask = 2147483647;
			files = (
			);
			runOnlyForDeploymentPostprocessing = 0;
		};
		1A6A38DF1B862AF5009DF74D /* Resources */ = {
			isa = PBXResourcesBuildPhase;
			buildActionMask = 2147483647;
			files = (
			);
			runOnlyForDeploymentPostprocessing = 0;
		};
/* End PBXResourcesBuildPhase section */

/* Begin PBXSourcesBuildPhase section */
		1A6A38B91B862AF5009DF74D /* Sources */ = {
			isa = PBXSourcesBuildPhase;
			buildActionMask = 2147483647;
			files = (
				1A44C4E21B8CE5C300AB1F4F /* FlightSearchVC.m in Sources */,
				1A6A38C51B862AF5009DF74D /* AppDelegate.m in Sources */,
				1A44C4E61B8CE79E00AB1F4F /* UIColor+CustomColors.m in Sources */,
				1A6A38C21B862AF5009DF74D /* main.m in Sources */,
			);
			runOnlyForDeploymentPostprocessing = 0;
		};
		1A6A38D21B862AF5009DF74D /* Sources */ = {
			isa = PBXSourcesBuildPhase;
			buildActionMask = 2147483647;
			files = (
				1A6A38DB1B862AF5009DF74D /* TransitPlannerTests.m in Sources */,
			);
			runOnlyForDeploymentPostprocessing = 0;
		};
		1A6A38DD1B862AF5009DF74D /* Sources */ = {
			isa = PBXSourcesBuildPhase;
			buildActionMask = 2147483647;
			files = (
				1A6A38E61B862AF5009DF74D /* TransitPlannerUITests.m in Sources */,
			);
			runOnlyForDeploymentPostprocessing = 0;
		};
/* End PBXSourcesBuildPhase section */

/* Begin PBXTargetDependency section */
		1A6A38D81B862AF5009DF74D /* PBXTargetDependency */ = {
			isa = PBXTargetDependency;
			target = 1A6A38BC1B862AF5009DF74D /* TransitPlanner */;
			targetProxy = 1A6A38D71B862AF5009DF74D /* PBXContainerItemProxy */;
		};
		1A6A38E31B862AF5009DF74D /* PBXTargetDependency */ = {
			isa = PBXTargetDependency;
			target = 1A6A38BC1B862AF5009DF74D /* TransitPlanner */;
			targetProxy = 1A6A38E21B862AF5009DF74D /* PBXContainerItemProxy */;
		};
/* End PBXTargetDependency section */

/* Begin XCBuildConfiguration section */
		1A6A38E81B862AF5009DF74D /* Debug */ = {
			isa = XCBuildConfiguration;
			buildSettings = {
				ALWAYS_SEARCH_USER_PATHS = NO;
				CLANG_CXX_LANGUAGE_STANDARD = "gnu++0x";
				CLANG_CXX_LIBRARY = "libc++";
				CLANG_ENABLE_MODULES = YES;
				CLANG_ENABLE_OBJC_ARC = YES;
				CLANG_WARN_BOOL_CONVERSION = YES;
				CLANG_WARN_CONSTANT_CONVERSION = YES;
				CLANG_WARN_DIRECT_OBJC_ISA_USAGE = YES_ERROR;
				CLANG_WARN_EMPTY_BODY = YES;
				CLANG_WARN_ENUM_CONVERSION = YES;
				CLANG_WARN_INT_CONVERSION = YES;
				CLANG_WARN_OBJC_ROOT_CLASS = YES_ERROR;
				CLANG_WARN_UNREACHABLE_CODE = YES;
				CLANG_WARN__DUPLICATE_METHOD_MATCH = YES;
				"CODE_SIGN_IDENTITY[sdk=iphoneos*]" = "iPhone Developer";
				COPY_PHASE_STRIP = NO;
				DEBUG_INFORMATION_FORMAT = dwarf;
				ENABLE_STRICT_OBJC_MSGSEND = YES;
				ENABLE_TESTABILITY = YES;
				GCC_C_LANGUAGE_STANDARD = gnu99;
				GCC_DYNAMIC_NO_PIC = NO;
				GCC_NO_COMMON_BLOCKS = YES;
				GCC_OPTIMIZATION_LEVEL = 0;
				GCC_PREPROCESSOR_DEFINITIONS = (
					"DEBUG=1",
					"$(inherited)",
				);
				GCC_WARN_64_TO_32_BIT_CONVERSION = YES;
				GCC_WARN_ABOUT_RETURN_TYPE = YES_ERROR;
				GCC_WARN_UNDECLARED_SELECTOR = YES;
				GCC_WARN_UNINITIALIZED_AUTOS = YES_AGGRESSIVE;
				GCC_WARN_UNUSED_FUNCTION = YES;
				GCC_WARN_UNUSED_VARIABLE = YES;
				IPHONEOS_DEPLOYMENT_TARGET = 9.0;
				MTL_ENABLE_DEBUG_INFO = YES;
				ONLY_ACTIVE_ARCH = YES;
				SDKROOT = iphoneos;
			};
			name = Debug;
		};
		1A6A38E91B862AF5009DF74D /* Release */ = {
			isa = XCBuildConfiguration;
			buildSettings = {
				ALWAYS_SEARCH_USER_PATHS = NO;
				CLANG_CXX_LANGUAGE_STANDARD = "gnu++0x";
				CLANG_CXX_LIBRARY = "libc++";
				CLANG_ENABLE_MODULES = YES;
				CLANG_ENABLE_OBJC_ARC = YES;
				CLANG_WARN_BOOL_CONVERSION = YES;
				CLANG_WARN_CONSTANT_CONVERSION = YES;
				CLANG_WARN_DIRECT_OBJC_ISA_USAGE = YES_ERROR;
				CLANG_WARN_EMPTY_BODY = YES;
				CLANG_WARN_ENUM_CONVERSION = YES;
				CLANG_WARN_INT_CONVERSION = YES;
				CLANG_WARN_OBJC_ROOT_CLASS = YES_ERROR;
				CLANG_WARN_UNREACHABLE_CODE = YES;
				CLANG_WARN__DUPLICATE_METHOD_MATCH = YES;
				"CODE_SIGN_IDENTITY[sdk=iphoneos*]" = "iPhone Developer";
				COPY_PHASE_STRIP = NO;
				DEBUG_INFORMATION_FORMAT = "dwarf-with-dsym";
				ENABLE_NS_ASSERTIONS = NO;
				ENABLE_STRICT_OBJC_MSGSEND = YES;
				GCC_C_LANGUAGE_STANDARD = gnu99;
				GCC_NO_COMMON_BLOCKS = YES;
				GCC_WARN_64_TO_32_BIT_CONVERSION = YES;
				GCC_WARN_ABOUT_RETURN_TYPE = YES_ERROR;
				GCC_WARN_UNDECLARED_SELECTOR = YES;
				GCC_WARN_UNINITIALIZED_AUTOS = YES_AGGRESSIVE;
				GCC_WARN_UNUSED_FUNCTION = YES;
				GCC_WARN_UNUSED_VARIABLE = YES;
				IPHONEOS_DEPLOYMENT_TARGET = 9.0;
				MTL_ENABLE_DEBUG_INFO = NO;
				SDKROOT = iphoneos;
				VALIDATE_PRODUCT = YES;
			};
			name = Release;
		};
		1A6A38EB1B862AF5009DF74D /* Debug */ = {
			isa = XCBuildConfiguration;
			buildSettings = {
				ASSETCATALOG_COMPILER_APPICON_NAME = AppIcon;
				INFOPLIST_FILE = TransitPlanner/Info.plist;
				IPHONEOS_DEPLOYMENT_TARGET = 8.4;
				LD_RUNPATH_SEARCH_PATHS = "$(inherited) @executable_path/Frameworks";
				PRODUCT_BUNDLE_IDENTIFIER = com.emirates.hackathon.TransitPlanner;
				PRODUCT_NAME = "$(TARGET_NAME)";
				TARGETED_DEVICE_FAMILY = 1;
			};
			name = Debug;
		};
		1A6A38EC1B862AF5009DF74D /* Release */ = {
			isa = XCBuildConfiguration;
			buildSettings = {
				ASSETCATALOG_COMPILER_APPICON_NAME = AppIcon;
				INFOPLIST_FILE = TransitPlanner/Info.plist;
				IPHONEOS_DEPLOYMENT_TARGET = 8.4;
				LD_RUNPATH_SEARCH_PATHS = "$(inherited) @executable_path/Frameworks";
				PRODUCT_BUNDLE_IDENTIFIER = com.emirates.hackathon.TransitPlanner;
				PRODUCT_NAME = "$(TARGET_NAME)";
				TARGETED_DEVICE_FAMILY = 1;
			};
			name = Release;
		};
		1A6A38EE1B862AF5009DF74D /* Debug */ = {
			isa = XCBuildConfiguration;
			buildSettings = {
				BUNDLE_LOADER = "$(TEST_HOST)";
				INFOPLIST_FILE = TransitPlannerTests/Info.plist;
				LD_RUNPATH_SEARCH_PATHS = "$(inherited) @executable_path/Frameworks @loader_path/Frameworks";
				PRODUCT_BUNDLE_IDENTIFIER = com.emirates.hackathon.TransitPlannerTests;
				PRODUCT_NAME = "$(TARGET_NAME)";
				TEST_HOST = "$(BUILT_PRODUCTS_DIR)/TransitPlanner.app/TransitPlanner";
			};
			name = Debug;
		};
		1A6A38EF1B862AF5009DF74D /* Release */ = {
			isa = XCBuildConfiguration;
			buildSettings = {
				BUNDLE_LOADER = "$(TEST_HOST)";
				INFOPLIST_FILE = TransitPlannerTests/Info.plist;
				LD_RUNPATH_SEARCH_PATHS = "$(inherited) @executable_path/Frameworks @loader_path/Frameworks";
				PRODUCT_BUNDLE_IDENTIFIER = com.emirates.hackathon.TransitPlannerTests;
				PRODUCT_NAME = "$(TARGET_NAME)";
				TEST_HOST = "$(BUILT_PRODUCTS_DIR)/TransitPlanner.app/TransitPlanner";
			};
			name = Release;
		};
		1A6A38F11B862AF5009DF74D /* Debug */ = {
			isa = XCBuildConfiguration;
			buildSettings = {
				INFOPLIST_FILE = TransitPlannerUITests/Info.plist;
				LD_RUNPATH_SEARCH_PATHS = "$(inherited) @executable_path/Frameworks @loader_path/Frameworks";
				PRODUCT_BUNDLE_IDENTIFIER = com.emirates.hackathon.TransitPlannerUITests;
				PRODUCT_NAME = "$(TARGET_NAME)";
				TEST_TARGET_NAME = TransitPlanner;
				USES_XCTRUNNER = YES;
			};
			name = Debug;
		};
		1A6A38F21B862AF5009DF74D /* Release */ = {
			isa = XCBuildConfiguration;
			buildSettings = {
				INFOPLIST_FILE = TransitPlannerUITests/Info.plist;
				LD_RUNPATH_SEARCH_PATHS = "$(inherited) @executable_path/Frameworks @loader_path/Frameworks";
				PRODUCT_BUNDLE_IDENTIFIER = com.emirates.hackathon.TransitPlannerUITests;
				PRODUCT_NAME = "$(TARGET_NAME)";
				TEST_TARGET_NAME = TransitPlanner;
				USES_XCTRUNNER = YES;
			};
			name = Release;
		};
/* End XCBuildConfiguration section */

/* Begin XCConfigurationList section */
		1A6A38B81B862AF5009DF74D /* Build configuration list for PBXProject "TransitPlanner" */ = {
			isa = XCConfigurationList;
			buildConfigurations = (
				1A6A38E81B862AF5009DF74D /* Debug */,
				1A6A38E91B862AF5009DF74D /* Release */,
			);
			defaultConfigurationIsVisible = 0;
			defaultConfigurationName = Release;
		};
		1A6A38EA1B862AF5009DF74D /* Build configuration list for PBXNativeTarget "TransitPlanner" */ = {
			isa = XCConfigurationList;
			buildConfigurations = (
				1A6A38EB1B862AF5009DF74D /* Debug */,
				1A6A38EC1B862AF5009DF74D /* Release */,
			);
			defaultConfigurationIsVisible = 0;
			defaultConfigurationName = Release;
		};
		1A6A38ED1B862AF5009DF74D /* Build configuration list for PBXNativeTarget "TransitPlannerTests" */ = {
			isa = XCConfigurationList;
			buildConfigurations = (
				1A6A38EE1B862AF5009DF74D /* Debug */,
				1A6A38EF1B862AF5009DF74D /* Release */,
			);
			defaultConfigurationIsVisible = 0;
			defaultConfigurationName = Release;
		};
		1A6A38F01B862AF5009DF74D /* Build configuration list for PBXNativeTarget "TransitPlannerUITests" */ = {
			isa = XCConfigurationList;
			buildConfigurations = (
				1A6A38F11B862AF5009DF74D /* Debug */,
				1A6A38F21B862AF5009DF74D /* Release */,
			);
			defaultConfigurationIsVisible = 0;
			defaultConfigurationName = Release;
		};
/* End XCConfigurationList section */
	};
	rootObject = 1A6A38B51B862AF5009DF74D /* Project object */;
}
